
Microsoft Visual Studio Solution File, Format Version 12.00
# Visual Studio Version 16
VisualStudioVersion = 16.0.35130.168
MinimumVisualStudioVersion = 10.0.40219.1
Project("{888888A0-9F3D-457C-B088-3A5042F75D52}") = "To-Do List", "To-Do List.pyproj", "{6B5EB7C8-3914-4D5F-A555-F62D3A7D284F}"
EndProject
Global
	GlobalSection(SolutionConfigurationPlatforms) = preSolution
		Debug|Any CPU = Debug|Any CPU
		Release|Any CPU = Release|Any CPU
	EndGlobalSection
	GlobalSection(ProjectConfigurationPlatforms) = postSolution
		{6B5EB7C8-3914-4D5F-A555-F62D3A7D284F}.Debug|Any CPU.ActiveCfg = Debug|Any CPU
		{6B5EB7C8-3914-4D5F-A555-F62D3A7D284F}.Release|Any CPU.ActiveCfg = Release|Any CPU
	EndGlobalSection
	GlobalSection(SolutionProperties) = preSolution
		HideSolutionNode = FALSE
	EndGlobalSection
	GlobalSection(ExtensibilityGlobals) = postSolution
		SolutionGuid = {4F04A44D-C732-4AE7-A828-3B2257B32B57}
	EndGlobalSection
EndGlobal
